// !$*UTF8*$!
{
	archiveVersion = 1;
	classes = {
	};
	objectVersion = 55;
	objects = {

/* Begin PBXBuildFile section */
		8385E7C6285D4E1A0037ACD4 /* FirebaseMessaging in Frameworks */ = {isa = PBXBuildFile; productRef = 8385E7C5285D4E1A0037ACD4 /* FirebaseMessaging */; };
		BAC1E745285D3CFF00B1DFFB /* PhoneAuthApp.swift in Sources */ = {isa = PBXBuildFile; fileRef = BAC1E744285D3CFF00B1DFFB /* PhoneAuthApp.swift */; };
		BAC1E747285D3CFF00B1DFFB /* ContentView.swift in Sources */ = {isa = PBXBuildFile; fileRef = BAC1E746285D3CFF00B1DFFB /* ContentView.swift */; };
		BAC1E749285D3D0000B1DFFB /* Assets.xcassets in Resources */ = {isa = PBXBuildFile; fileRef = BAC1E748285D3D0000B1DFFB /* Assets.xcassets */; };
		BAC1E74C285D3D0000B1DFFB /* Preview Assets.xcassets in Resources */ = {isa = PBXBuildFile; fileRef = BAC1E74B285D3D0000B1DFFB /* Preview Assets.xcassets */; };
		BAC1E754285D3D7F00B1DFFB /* FirebaseAuth in Frameworks */ = {isa = PBXBuildFile; productRef = BAC1E753285D3D7F00B1DFFB /* FirebaseAuth */; };
		BAC1E756285D3D7F00B1DFFB /* FirebaseFirestore in Frameworks */ = {isa = PBXBuildFile; productRef = BAC1E755285D3D7F00B1DFFB /* FirebaseFirestore */; };
		BAC1E758285D3D7F00B1DFFB /* FirebaseFirestoreSwift in Frameworks */ = {isa = PBXBuildFile; productRef = BAC1E757285D3D7F00B1DFFB /* FirebaseFirestoreSwift */; };
		BAC1E75A285D3D7F00B1DFFB /* FirebaseStorage in Frameworks */ = {isa = PBXBuildFile; productRef = BAC1E759285D3D7F00B1DFFB /* FirebaseStorage */; };
		BAC1E75C285D3D9F00B1DFFB /* GoogleService-Info.plist in Resources */ = {isa = PBXBuildFile; fileRef = BAC1E75B285D3D9F00B1DFFB /* GoogleService-Info.plist */; };
/* End PBXBuildFile section */

/* Begin PBXFileReference section */
		BAC1E741285D3CFF00B1DFFB /* PhoneAuth.app */ = {isa = PBXFileReference; explicitFileType = wrapper.application; includeInIndex = 0; path = PhoneAuth.app; sourceTree = BUILT_PRODUCTS_DIR; };
		BAC1E744285D3CFF00B1DFFB /* PhoneAuthApp.swift */ = {isa = PBXFileReference; lastKnownFileType = sourcecode.swift; path = PhoneAuthApp.swift; sourceTree = "<group>"; };
		BAC1E746285D3CFF00B1DFFB /* ContentView.swift */ = {isa = PBXFileReference; lastKnownFileType = sourcecode.swift; path = ContentView.swift; sourceTree = "<group>"; };
		BAC1E748285D3D0000B1DFFB /* Assets.xcassets */ = {isa = PBXFileReference; lastKnownFileType = folder.assetcatalog; path = Assets.xcassets; sourceTree = "<group>"; };
		BAC1E74B285D3D0000B1DFFB /* Preview Assets.xcassets */ = {isa = PBXFileReference; lastKnownFileType = folder.assetcatalog; path = "Preview Assets.xcassets"; sourceTree = "<group>"; };
		BAC1E75B285D3D9F00B1DFFB /* GoogleService-Info.plist */ = {isa = PBXFileReference; fileEncoding = 4; lastKnownFileType = text.plist.xml; path = "GoogleService-Info.plist"; sourceTree = "<group>"; };
		BAC1E75D285D3DB600B1DFFB /* Info.plist */ = {isa = PBXFileReference; lastKnownFileType = text.plist; path = Info.plist; sourceTree = "<group>"; };
		BAC1E75E285D3DC300B1DFFB /* PhoneAuth.entitlements */ = {isa = PBXFileReference; lastKnownFileType = text.plist.entitlements; path = PhoneAuth.entitlements; sourceTree = "<group>"; };
/* End PBXFileReference section */

/* Begin PBXFrameworksBuildPhase section */
		BAC1E73E285D3CFF00B1DFFB /* Frameworks */ = {
			isa = PBXFrameworksBuildPhase;
			buildActionMask = 2147483647;
			files = (
				BAC1E754285D3D7F00B1DFFB /* FirebaseAuth in Frameworks */,
				BAC1E75A285D3D7F00B1DFFB /* FirebaseStorage in Frameworks */,
				8385E7C6285D4E1A0037ACD4 /* FirebaseMessaging in Frameworks */,
				BAC1E756285D3D7F00B1DFFB /* FirebaseFirestore in Frameworks */,
				BAC1E758285D3D7F00B1DFFB /* FirebaseFirestoreSwift in Frameworks */,
			);
			runOnlyForDeploymentPostprocessing = 0;
		};
/* End PBXFrameworksBuildPhase section */

/* Begin PBXGroup section */
		8385E7C4285D4E1A0037ACD4 /* Frameworks */ = {
			isa = PBXGroup;
			children = (
			);
			name = Frameworks;
			sourceTree = "<group>";
		};
		BAC1E738285D3CFE00B1DFFB = {
			isa = PBXGroup;
			children = (
				BAC1E743285D3CFF00B1DFFB /* PhoneAuth */,
				BAC1E742285D3CFF00B1DFFB /* Products */,
				8385E7C4285D4E1A0037ACD4 /* Frameworks */,
			);
			sourceTree = "<group>";
		};
		BAC1E742285D3CFF00B1DFFB /* Products */ = {
			isa = PBXGroup;
			children = (
				BAC1E741285D3CFF00B1DFFB /* PhoneAuth.app */,
			);
			name = Products;
			sourceTree = "<group>";
		};
		BAC1E743285D3CFF00B1DFFB /* PhoneAuth */ = {
			isa = PBXGroup;
			children = (
				BAC1E75E285D3DC300B1DFFB /* PhoneAuth.entitlements */,
				BAC1E75D285D3DB600B1DFFB /* Info.plist */,
				BAC1E744285D3CFF00B1DFFB /* PhoneAuthApp.swift */,
				BAC1E746285D3CFF00B1DFFB /* ContentView.swift */,
				BAC1E75B285D3D9F00B1DFFB /* GoogleService-Info.plist */,
				BAC1E748285D3D0000B1DFFB /* Assets.xcassets */,
				BAC1E74A285D3D0000B1DFFB /* Preview Content */,
			);
			path = PhoneAuth;
			sourceTree = "<group>";
		};
		BAC1E74A285D3D0000B1DFFB /* Preview Content */ = {
			isa = PBXGroup;
			children = (
				BAC1E74B285D3D0000B1DFFB /* Preview Assets.xcassets */,
			);
			path = "Preview Content";
			sourceTree = "<group>";
		};
/* End PBXGroup section */

/* Begin PBXNativeTarget section */
		BAC1E740285D3CFF00B1DFFB /* PhoneAuth */ = {
			isa = PBXNativeTarget;
			buildConfigurationList = BAC1E74F285D3D0000B1DFFB /* Build configuration list for PBXNativeTarget "PhoneAuth" */;
			buildPhases = (
				BAC1E73D285D3CFF00B1DFFB /* Sources */,
				BAC1E73E285D3CFF00B1DFFB /* Frameworks */,
				BAC1E73F285D3CFF00B1DFFB /* Resources */,
			);
			buildRules = (
			);
			dependencies = (
			);
			name = PhoneAuth;
			packageProductDependencies = (
				BAC1E753285D3D7F00B1DFFB /* FirebaseAuth */,
				BAC1E755285D3D7F00B1DFFB /* FirebaseFirestore */,
				BAC1E757285D3D7F00B1DFFB /* FirebaseFirestoreSwift */,
				BAC1E759285D3D7F00B1DFFB /* FirebaseStorage */,
				8385E7C5285D4E1A0037ACD4 /* FirebaseMessaging */,
			);
			productName = PhoneAuth;
			productReference = BAC1E741285D3CFF00B1DFFB /* PhoneAuth.app */;
			productType = "com.apple.product-type.application";
		};
/* End PBXNativeTarget section */

/* Begin PBXProject section */
		BAC1E739285D3CFE00B1DFFB /* Project object */ = {
			isa = PBXProject;
			attributes = {
				BuildIndependentTargetsInParallel = 1;
				LastSwiftUpdateCheck = 1340;
				LastUpgradeCheck = 1340;
				TargetAttributes = {
					BAC1E740285D3CFF00B1DFFB = {
						CreatedOnToolsVersion = 13.4.1;
					};
				};
			};
			buildConfigurationList = BAC1E73C285D3CFE00B1DFFB /* Build configuration list for PBXProject "PhoneAuth" */;
			compatibilityVersion = "Xcode 13.0";
			developmentRegion = en;
			hasScannedForEncodings = 0;
			knownRegions = (
				en,
				Base,
			);
			mainGroup = BAC1E738285D3CFE00B1DFFB;
			packageReferences = (
				BAC1E752285D3D7F00B1DFFB /* XCRemoteSwiftPackageReference "firebase-ios-sdk" */,
			);
			productRefGroup = BAC1E742285D3CFF00B1DFFB /* Products */;
			projectDirPath = "";
			projectRoot = "";
			targets = (
				BAC1E740285D3CFF00B1DFFB /* PhoneAuth */,
			);
		};
/* End PBXProject section */

/* Begin PBXResourcesBuildPhase section */
		BAC1E73F285D3CFF00B1DFFB /* Resources */ = {
			isa = PBXResourcesBuildPhase;
			buildActionMask = 2147483647;
			files = (
				BAC1E74C285D3D0000B1DFFB /* Preview Assets.xcassets in Resources */,
				BAC1E749285D3D0000B1DFFB /* Assets.xcassets in Resources */,
				BAC1E75C285D3D9F00B1DFFB /* GoogleService-Info.plist in Resources */,
			);
			runOnlyForDeploymentPostprocessing = 0;
		};
/* End PBXResourcesBuildPhase section */

/* Begin PBXSourcesBuildPhase section */
		BAC1E73D285D3CFF00B1DFFB /* Sources */ = {
			isa = PBXSourcesBuildPhase;
			buildActionMask = 2147483647;
			files = (
				BAC1E747285D3CFF00B1DFFB /* ContentView.swift in Sources */,
				BAC1E745285D3CFF00B1DFFB /* PhoneAuthApp.swift in Sources */,
			);
			runOnlyForDeploymentPostprocessing = 0;
		};
/* End PBXSourcesBuildPhase section */

/* Begin XCBuildConfiguration section */
		BAC1E74D285D3D0000B1DFFB /* Debug */ = {
			isa = XCBuildConfiguration;
			buildSettings = {
				ALWAYS_SEARCH_USER_PATHS = NO;
				CLANG_ANALYZER_NONNULL = YES;
				CLANG_ANALYZER_NUMBER_OBJECT_CONVERSION = YES_AGGRESSIVE;
				CLANG_CXX_LANGUAGE_STANDARD = "gnu++17";
				CLANG_ENABLE_MODULES = YES;
				CLANG_ENABLE_OBJC_ARC = YES;
				CLANG_ENABLE_OBJC_WEAK = YES;
				CLANG_WARN_BLOCK_CAPTURE_AUTORELEASING = YES;
				CLANG_WARN_BOOL_CONVERSION = YES;
				CLANG_WARN_COMMA = YES;
				CLANG_WARN_CONSTANT_CONVERSION = YES;
				CLANG_WARN_DEPRECATED_OBJC_IMPLEMENTATIONS = YES;
				CLANG_WARN_DIRECT_OBJC_ISA_USAGE = YES_ERROR;
				CLANG_WARN_DOCUMENTATION_COMMENTS = YES;
				CLANG_WARN_EMPTY_BODY = YES;
				CLANG_WARN_ENUM_CONVERSION = YES;
				CLANG_WARN_INFINITE_RECURSION = YES;
				CLANG_WARN_INT_CONVERSION = YES;
				CLANG_WARN_NON_LITERAL_NULL_CONVERSION = YES;
				CLANG_WARN_OBJC_IMPLICIT_RETAIN_SELF = YES;
				CLANG_WARN_OBJC_LITERAL_CONVERSION = YES;
				CLANG_WARN_OBJC_ROOT_CLASS = YES_ERROR;
				CLANG_WARN_QUOTED_INCLUDE_IN_FRAMEWORK_HEADER = YES;
				CLANG_WARN_RANGE_LOOP_ANALYSIS = YES;
				CLANG_WARN_STRICT_PROTOTYPES = YES;
				CLANG_WARN_SUSPICIOUS_MOVE = YES;
				CLANG_WARN_UNGUARDED_AVAILABILITY = YES_AGGRESSIVE;
				CLANG_WARN_UNREACHABLE_CODE = YES;
				CLANG_WARN__DUPLICATE_METHOD_MATCH = YES;
				COPY_PHASE_STRIP = NO;
				DEBUG_INFORMATION_FORMAT = dwarf;
				ENABLE_STRICT_OBJC_MSGSEND = YES;
				ENABLE_TESTABILITY = YES;
				GCC_C_LANGUAGE_STANDARD = gnu11;
				GCC_DYNAMIC_NO_PIC = NO;
				GCC_NO_COMMON_BLOCKS = YES;
				GCC_OPTIMIZATION_LEVEL = 0;
				GCC_PREPROCESSOR_DEFINITIONS = (
					"DEBUG=1",
					"$(inherited)",
				);
				GCC_WARN_64_TO_32_BIT_CONVERSION = YES;
				GCC_WARN_ABOUT_RETURN_TYPE = YES_ERROR;
				GCC_WARN_UNDECLARED_SELECTOR = YES;
				GCC_WARN_UNINITIALIZED_AUTOS = YES_AGGRESSIVE;
				GCC_WARN_UNUSED_FUNCTION = YES;
				GCC_WARN_UNUSED_VARIABLE = YES;
				IPHONEOS_DEPLOYMENT_TARGET = 15.5;
				MTL_ENABLE_DEBUG_INFO = INCLUDE_SOURCE;
				MTL_FAST_MATH = YES;
				ONLY_ACTIVE_ARCH = YES;
				SDKROOT = iphoneos;
				SWIFT_ACTIVE_COMPILATION_CONDITIONS = DEBUG;
				SWIFT_OPTIMIZATION_LEVEL = "-Onone";
			};
			name = Debug;
		};
		BAC1E74E285D3D0000B1DFFB /* Release */ = {
			isa = XCBuildConfiguration;
			buildSettings = {
				ALWAYS_SEARCH_USER_PATHS = NO;
				CLANG_ANALYZER_NONNULL = YES;
				CLANG_ANALYZER_NUMBER_OBJECT_CONVERSION = YES_AGGRESSIVE;
				CLANG_CXX_LANGUAGE_STANDARD = "gnu++17";
				CLANG_ENABLE_MODULES = YES;
				CLANG_ENABLE_OBJC_ARC = YES;
				CLANG_ENABLE_OBJC_WEAK = YES;
				CLANG_WARN_BLOCK_CAPTURE_AUTORELEASING = YES;
				CLANG_WARN_BOOL_CONVERSION = YES;
				CLANG_WARN_COMMA = YES;
				CLANG_WARN_CONSTANT_CONVERSION = YES;
				CLANG_WARN_DEPRECATED_OBJC_IMPLEMENTATIONS = YES;
				CLANG_WARN_DIRECT_OBJC_ISA_USAGE = YES_ERROR;
				CLANG_WARN_DOCUMENTATION_COMMENTS = YES;
				CLANG_WARN_EMPTY_BODY = YES;
				CLANG_WARN_ENUM_CONVERSION = YES;
				CLANG_WARN_INFINITE_RECURSION = YES;
				CLANG_WARN_INT_CONVERSION = YES;
				CLANG_WARN_NON_LITERAL_NULL_CONVERSION = YES;
				CLANG_WARN_OBJC_IMPLICIT_RETAIN_SELF = YES;
				CLANG_WARN_OBJC_LITERAL_CONVERSION = YES;
				CLANG_WARN_OBJC_ROOT_CLASS = YES_ERROR;
				CLANG_WARN_QUOTED_INCLUDE_IN_FRAMEWORK_HEADER = YES;
				CLANG_WARN_RANGE_LOOP_ANALYSIS = YES;
				CLANG_WARN_STRICT_PROTOTYPES = YES;
				CLANG_WARN_SUSPICIOUS_MOVE = YES;
				CLANG_WARN_UNGUARDED_AVAILABILITY = YES_AGGRESSIVE;
				CLANG_WARN_UNREACHABLE_CODE = YES;
				CLANG_WARN__DUPLICATE_METHOD_MATCH = YES;
				COPY_PHASE_STRIP = NO;
				DEBUG_INFORMATION_FORMAT = "dwarf-with-dsym";
				ENABLE_NS_ASSERTIONS = NO;
				ENABLE_STRICT_OBJC_MSGSEND = YES;
				GCC_C_LANGUAGE_STANDARD = gnu11;
				GCC_NO_COMMON_BLOCKS = YES;
				GCC_WARN_64_TO_32_BIT_CONVERSION = YES;
				GCC_WARN_ABOUT_RETURN_TYPE = YES_ERROR;
				GCC_WARN_UNDECLARED_SELECTOR = YES;
				GCC_WARN_UNINITIALIZED_AUTOS = YES_AGGRESSIVE;
				GCC_WARN_UNUSED_FUNCTION = YES;
				GCC_WARN_UNUSED_VARIABLE = YES;
				IPHONEOS_DEPLOYMENT_TARGET = 15.5;
				MTL_ENABLE_DEBUG_INFO = NO;
				MTL_FAST_MATH = YES;
				SDKROOT = iphoneos;
				SWIFT_COMPILATION_MODE = wholemodule;
				SWIFT_OPTIMIZATION_LEVEL = "-O";
				VALIDATE_PRODUCT = YES;
			};
			name = Release;
		};
		BAC1E750285D3D0000B1DFFB /* Debug */ = {
			isa = XCBuildConfiguration;
			buildSettings = {
				ASSETCATALOG_COMPILER_APPICON_NAME = AppIcon;
				ASSETCATALOG_COMPILER_GLOBAL_ACCENT_COLOR_NAME = AccentColor;
				CODE_SIGN_ENTITLEMENTS = PhoneAuth/PhoneAuth.entitlements;
				CODE_SIGN_STYLE = Automatic;
				CURRENT_PROJECT_VERSION = 1;
				DEVELOPMENT_ASSET_PATHS = "\"PhoneAuth/Preview Content\"";
				DEVELOPMENT_TEAM = UGDUJASRTY;
				ENABLE_PREVIEWS = YES;
				GENERATE_INFOPLIST_FILE = YES;
				INFOPLIST_FILE = PhoneAuth/Info.plist;
				INFOPLIST_KEY_UIApplicationSceneManifest_Generation = YES;
				INFOPLIST_KEY_UIApplicationSupportsIndirectInputEvents = YES;
				INFOPLIST_KEY_UILaunchScreen_Generation = YES;
				INFOPLIST_KEY_UISupportedInterfaceOrientations_iPad = "UIInterfaceOrientationPortrait UIInterfaceOrientationPortraitUpsideDown UIInterfaceOrientationLandscapeLeft UIInterfaceOrientationLandscapeRight";
				INFOPLIST_KEY_UISupportedInterfaceOrientations_iPhone = "UIInterfaceOrientationPortrait UIInterfaceOrientationLandscapeLeft UIInterfaceOrientationLandscapeRight";
				IPHONEOS_DEPLOYMENT_TARGET = 15.0;
				LD_RUNPATH_SEARCH_PATHS = (
					"$(inherited)",
					"@executable_path/Frameworks",
				);
				MARKETING_VERSION = 1.0;
				PRODUCT_BUNDLE_IDENTIFIER = com.tariqalmazyad.PhoneAuth;
				PRODUCT_NAME = "$(TARGET_NAME)";
				SWIFT_EMIT_LOC_STRINGS = YES;
				SWIFT_VERSION = 5.0;
				TARGETED_DEVICE_FAMILY = "1,2";
			};
			name = Debug;
		};
		BAC1E751285D3D0000B1DFFB /* Release */ = {
			isa = XCBuildConfiguration;
			buildSettings = {
				ASSETCATALOG_COMPILER_APPICON_NAME = AppIcon;
				ASSETCATALOG_COMPILER_GLOBAL_ACCENT_COLOR_NAME = AccentColor;
				CODE_SIGN_ENTITLEMENTS = PhoneAuth/PhoneAuth.entitlements;
				CODE_SIGN_STYLE = Automatic;
				CURRENT_PROJECT_VERSION = 1;
				DEVELOPMENT_ASSET_PATHS = "\"PhoneAuth/Preview Content\"";
				DEVELOPMENT_TEAM = UGDUJASRTY;
				ENABLE_PREVIEWS = YES;
				GENERATE_INFOPLIST_FILE = YES;
				INFOPLIST_FILE = PhoneAuth/Info.plist;
				INFOPLIST_KEY_UIApplicationSceneManifest_Generation = YES;
				INFOPLIST_KEY_UIApplicationSupportsIndirectInputEvents = YES;
				INFOPLIST_KEY_UILaunchScreen_Generation = YES;
				INFOPLIST_KEY_UISupportedInterfaceOrientations_iPad = "UIInterfaceOrientationPortrait UIInterfaceOrientationPortraitUpsideDown UIInterfaceOrientationLandscapeLeft UIInterfaceOrientationLandscapeRight";
				INFOPLIST_KEY_UISupportedInterfaceOrientations_iPhone = "UIInterfaceOrientationPortrait UIInterfaceOrientationLandscapeLeft UIInterfaceOrientationLandscapeRight";
				IPHONEOS_DEPLOYMENT_TARGET = 15.0;
				LD_RUNPATH_SEARCH_PATHS = (
					"$(inherited)",
					"@executable_path/Frameworks",
				);
				MARKETING_VERSION = 1.0;
				PRODUCT_BUNDLE_IDENTIFIER = com.tariqalmazyad.PhoneAuth;
				PRODUCT_NAME = "$(TARGET_NAME)";
				SWIFT_EMIT_LOC_STRINGS = YES;
				SWIFT_VERSION = 5.0;
				TARGETED_DEVICE_FAMILY = "1,2";
			};
			name = Release;
		};
/* End XCBuildConfiguration section */

/* Begin XCConfigurationList section */
		BAC1E73C285D3CFE00B1DFFB /* Build configuration list for PBXProject "PhoneAuth" */ = {
			isa = XCConfigurationList;
			buildConfigurations = (
				BAC1E74D285D3D0000B1DFFB /* Debug */,
				BAC1E74E285D3D0000B1DFFB /* Release */,
			);
			defaultConfigurationIsVisible = 0;
			defaultConfigurationName = Release;
		};
		BAC1E74F285D3D0000B1DFFB /* Build configuration list for PBXNativeTarget "PhoneAuth" */ = {
			isa = XCConfigurationList;
			buildConfigurations = (
				BAC1E750285D3D0000B1DFFB /* Debug */,
				BAC1E751285D3D0000B1DFFB /* Release */,
			);
			defaultConfigurationIsVisible = 0;
			defaultConfigurationName = Release;
		};
/* End XCConfigurationList section */

/* Begin XCRemoteSwiftPackageReference section */
		BAC1E752285D3D7F00B1DFFB /* XCRemoteSwiftPackageReference "firebase-ios-sdk" */ = {
			isa = XCRemoteSwiftPackageReference;
			repositoryURL = "https://github.com/firebase/firebase-ios-sdk";
			requirement = {
				branch = master;
				kind = branch;
			};
		};
/* End XCRemoteSwiftPackageReference section */

/* Begin XCSwiftPackageProductDependency section */
		8385E7C5285D4E1A0037ACD4 /* FirebaseMessaging */ = {
			isa = XCSwiftPackageProductDependency;
			package = BAC1E752285D3D7F00B1DFFB /* XCRemoteSwiftPackageReference "firebase-ios-sdk" */;
			productName = FirebaseMessaging;
		};
		BAC1E753285D3D7F00B1DFFB /* FirebaseAuth */ = {
			isa = XCSwiftPackageProductDependency;
			package = BAC1E752285D3D7F00B1DFFB /* XCRemoteSwiftPackageReference "firebase-ios-sdk" */;
			productName = FirebaseAuth;
		};
		BAC1E755285D3D7F00B1DFFB /* FirebaseFirestore */ = {
			isa = XCSwiftPackageProductDependency;
			package = BAC1E752285D3D7F00B1DFFB /* XCRemoteSwiftPackageReference "firebase-ios-sdk" */;
			productName = FirebaseFirestore;
		};
		BAC1E757285D3D7F00B1DFFB /* FirebaseFirestoreSwift */ = {
			isa = XCSwiftPackageProductDependency;
			package = BAC1E752285D3D7F00B1DFFB /* XCRemoteSwiftPackageReference "firebase-ios-sdk" */;
			productName = FirebaseFirestoreSwift;
		};
		BAC1E759285D3D7F00B1DFFB /* FirebaseStorage */ = {
			isa = XCSwiftPackageProductDependency;
			package = BAC1E752285D3D7F00B1DFFB /* XCRemoteSwiftPackageReference "firebase-ios-sdk" */;
			productName = FirebaseStorage;
		};
/* End XCSwiftPackageProductDependency section */
	};
	rootObject = BAC1E739285D3CFE00B1DFFB /* Project object */;
}
